// !$*UTF8*$!
{
	archiveVersion = 1;
	classes = {
	};
	objectVersion = 56;
	objects = {

/* Begin PBXBuildFile section */
		658848942C2DE05D007EEE7D /* AcrnmApp.swift in Sources */ = {isa = PBXBuildFile; fileRef = 658848932C2DE05D007EEE7D /* AcrnmApp.swift */; };
		658848962C2DE05D007EEE7D /* ContentView.swift in Sources */ = {isa = PBXBuildFile; fileRef = 658848952C2DE05D007EEE7D /* ContentView.swift */; };
		658848982C2DE05F007EEE7D /* Assets.xcassets in Resources */ = {isa = PBXBuildFile; fileRef = 658848972C2DE05F007EEE7D /* Assets.xcassets */; };
		6588489C2C2DE05F007EEE7D /* Preview Assets.xcassets in Resources */ = {isa = PBXBuildFile; fileRef = 6588489B2C2DE05F007EEE7D /* Preview Assets.xcassets */; };
		658848A62C2DE05F007EEE7D /* AcrnmTests.swift in Sources */ = {isa = PBXBuildFile; fileRef = 658848A52C2DE05F007EEE7D /* AcrnmTests.swift */; };
		658848B02C2DE05F007EEE7D /* AcrnmUITests.swift in Sources */ = {isa = PBXBuildFile; fileRef = 658848AF2C2DE05F007EEE7D /* AcrnmUITests.swift */; };
		658848B22C2DE05F007EEE7D /* AcrnmUITestsLaunchTests.swift in Sources */ = {isa = PBXBuildFile; fileRef = 658848B12C2DE05F007EEE7D /* AcrnmUITestsLaunchTests.swift */; };
/* End PBXBuildFile section */

/* Begin PBXContainerItemProxy section */
		658848A22C2DE05F007EEE7D /* PBXContainerItemProxy */ = {
			isa = PBXContainerItemProxy;
			containerPortal = 658848882C2DE05D007EEE7D /* Project object */;
			proxyType = 1;
			remoteGlobalIDString = 6588488F2C2DE05D007EEE7D;
			remoteInfo = Acrnm;
		};
		658848AC2C2DE05F007EEE7D /* PBXContainerItemProxy */ = {
			isa = PBXContainerItemProxy;
			containerPortal = 658848882C2DE05D007EEE7D /* Project object */;
			proxyType = 1;
			remoteGlobalIDString = 6588488F2C2DE05D007EEE7D;
			remoteInfo = Acrnm;
		};
/* End PBXContainerItemProxy section */

/* Begin PBXFileReference section */
		658848902C2DE05D007EEE7D /* Acrnm.app */ = {isa = PBXFileReference; explicitFileType = wrapper.application; includeInIndex = 0; path = Acrnm.app; sourceTree = BUILT_PRODUCTS_DIR; };
		658848932C2DE05D007EEE7D /* AcrnmApp.swift */ = {isa = PBXFileReference; lastKnownFileType = sourcecode.swift; path = AcrnmApp.swift; sourceTree = "<group>"; };
		658848952C2DE05D007EEE7D /* ContentView.swift */ = {isa = PBXFileReference; lastKnownFileType = sourcecode.swift; path = ContentView.swift; sourceTree = "<group>"; };
		658848972C2DE05F007EEE7D /* Assets.xcassets */ = {isa = PBXFileReference; lastKnownFileType = folder.assetcatalog; path = Assets.xcassets; sourceTree = "<group>"; };
		658848992C2DE05F007EEE7D /* Acrnm.entitlements */ = {isa = PBXFileReference; lastKnownFileType = text.plist.entitlements; path = Acrnm.entitlements; sourceTree = "<group>"; };
		6588489B2C2DE05F007EEE7D /* Preview Assets.xcassets */ = {isa = PBXFileReference; lastKnownFileType = folder.assetcatalog; path = "Preview Assets.xcassets"; sourceTree = "<group>"; };
		658848A12C2DE05F007EEE7D /* AcrnmTests.xctest */ = {isa = PBXFileReference; explicitFileType = wrapper.cfbundle; includeInIndex = 0; path = AcrnmTests.xctest; sourceTree = BUILT_PRODUCTS_DIR; };
		658848A52C2DE05F007EEE7D /* AcrnmTests.swift */ = {isa = PBXFileReference; lastKnownFileType = sourcecode.swift; path = AcrnmTests.swift; sourceTree = "<group>"; };
		658848AB2C2DE05F007EEE7D /* AcrnmUITests.xctest */ = {isa = PBXFileReference; explicitFileType = wrapper.cfbundle; includeInIndex = 0; path = AcrnmUITests.xctest; sourceTree = BUILT_PRODUCTS_DIR; };
		658848AF2C2DE05F007EEE7D /* AcrnmUITests.swift */ = {isa = PBXFileReference; lastKnownFileType = sourcecode.swift; path = AcrnmUITests.swift; sourceTree = "<group>"; };
		658848B12C2DE05F007EEE7D /* AcrnmUITestsLaunchTests.swift */ = {isa = PBXFileReference; lastKnownFileType = sourcecode.swift; path = AcrnmUITestsLaunchTests.swift; sourceTree = "<group>"; };
/* End PBXFileReference section */

/* Begin PBXFrameworksBuildPhase section */
		6588488D2C2DE05D007EEE7D /* Frameworks */ = {
			isa = PBXFrameworksBuildPhase;
			buildActionMask = 2147483647;
			files = (
			);
			runOnlyForDeploymentPostprocessing = 0;
		};
		6588489E2C2DE05F007EEE7D /* Frameworks */ = {
			isa = PBXFrameworksBuildPhase;
			buildActionMask = 2147483647;
			files = (
			);
			runOnlyForDeploymentPostprocessing = 0;
		};
		658848A82C2DE05F007EEE7D /* Frameworks */ = {
			isa = PBXFrameworksBuildPhase;
			buildActionMask = 2147483647;
			files = (
			);
			runOnlyForDeploymentPostprocessing = 0;
		};
/* End PBXFrameworksBuildPhase section */

/* Begin PBXGroup section */
		658848872C2DE05D007EEE7D = {
			isa = PBXGroup;
			children = (
				658848922C2DE05D007EEE7D /* Acrnm */,
				658848A42C2DE05F007EEE7D /* AcrnmTests */,
				658848AE2C2DE05F007EEE7D /* AcrnmUITests */,
				658848912C2DE05D007EEE7D /* Products */,
			);
			sourceTree = "<group>";
		};
		658848912C2DE05D007EEE7D /* Products */ = {
			isa = PBXGroup;
			children = (
				658848902C2DE05D007EEE7D /* Acrnm.app */,
				658848A12C2DE05F007EEE7D /* AcrnmTests.xctest */,
				658848AB2C2DE05F007EEE7D /* AcrnmUITests.xctest */,
			);
			name = Products;
			sourceTree = "<group>";
		};
		658848922C2DE05D007EEE7D /* Acrnm */ = {
			isa = PBXGroup;
			children = (
				658848932C2DE05D007EEE7D /* AcrnmApp.swift */,
				658848952C2DE05D007EEE7D /* ContentView.swift */,
				658848972C2DE05F007EEE7D /* Assets.xcassets */,
				658848992C2DE05F007EEE7D /* Acrnm.entitlements */,
				6588489A2C2DE05F007EEE7D /* Preview Content */,
			);
			path = Acrnm;
			sourceTree = "<group>";
		};
		6588489A2C2DE05F007EEE7D /* Preview Content */ = {
			isa = PBXGroup;
			children = (
				6588489B2C2DE05F007EEE7D /* Preview Assets.xcassets */,
			);
			path = "Preview Content";
			sourceTree = "<group>";
		};
		658848A42C2DE05F007EEE7D /* AcrnmTests */ = {
			isa = PBXGroup;
			children = (
				658848A52C2DE05F007EEE7D /* AcrnmTests.swift */,
			);
			path = AcrnmTests;
			sourceTree = "<group>";
		};
		658848AE2C2DE05F007EEE7D /* AcrnmUITests */ = {
			isa = PBXGroup;
			children = (
				658848AF2C2DE05F007EEE7D /* AcrnmUITests.swift */,
				658848B12C2DE05F007EEE7D /* AcrnmUITestsLaunchTests.swift */,
			);
			path = AcrnmUITests;
			sourceTree = "<group>";
		};
/* End PBXGroup section */

/* Begin PBXNativeTarget section */
		6588488F2C2DE05D007EEE7D /* Acrnm */ = {
			isa = PBXNativeTarget;
			buildConfigurationList = 658848B52C2DE05F007EEE7D /* Build configuration list for PBXNativeTarget "Acrnm" */;
			buildPhases = (
				6588488C2C2DE05D007EEE7D /* Sources */,
				6588488D2C2DE05D007EEE7D /* Frameworks */,
				6588488E2C2DE05D007EEE7D /* Resources */,
			);
			buildRules = (
			);
			dependencies = (
			);
			name = Acrnm;
			productName = Acrnm;
			productReference = 658848902C2DE05D007EEE7D /* Acrnm.app */;
			productType = "com.apple.product-type.application";
		};
		658848A02C2DE05F007EEE7D /* AcrnmTests */ = {
			isa = PBXNativeTarget;
			buildConfigurationList = 658848B82C2DE05F007EEE7D /* Build configuration list for PBXNativeTarget "AcrnmTests" */;
			buildPhases = (
				6588489D2C2DE05F007EEE7D /* Sources */,
				6588489E2C2DE05F007EEE7D /* Frameworks */,
				6588489F2C2DE05F007EEE7D /* Resources */,
			);
			buildRules = (
			);
			dependencies = (
				658848A32C2DE05F007EEE7D /* PBXTargetDependency */,
			);
			name = AcrnmTests;
			productName = AcrnmTests;
			productReference = 658848A12C2DE05F007EEE7D /* AcrnmTests.xctest */;
			productType = "com.apple.product-type.bundle.unit-test";
		};
		658848AA2C2DE05F007EEE7D /* AcrnmUITests */ = {
			isa = PBXNativeTarget;
			buildConfigurationList = 658848BB2C2DE05F007EEE7D /* Build configuration list for PBXNativeTarget "AcrnmUITests" */;
			buildPhases = (
				658848A72C2DE05F007EEE7D /* Sources */,
				658848A82C2DE05F007EEE7D /* Frameworks */,
				658848A92C2DE05F007EEE7D /* Resources */,
			);
			buildRules = (
			);
			dependencies = (
				658848AD2C2DE05F007EEE7D /* PBXTargetDependency */,
			);
			name = AcrnmUITests;
			productName = AcrnmUITests;
			productReference = 658848AB2C2DE05F007EEE7D /* AcrnmUITests.xctest */;
			productType = "com.apple.product-type.bundle.ui-testing";
		};
/* End PBXNativeTarget section */

/* Begin PBXProject section */
		658848882C2DE05D007EEE7D /* Project object */ = {
			isa = PBXProject;
			attributes = {
				BuildIndependentTargetsInParallel = 1;
				LastSwiftUpdateCheck = 1540;
				LastUpgradeCheck = 1540;
				TargetAttributes = {
					6588488F2C2DE05D007EEE7D = {
						CreatedOnToolsVersion = 15.4;
					};
					658848A02C2DE05F007EEE7D = {
						CreatedOnToolsVersion = 15.4;
						TestTargetID = 6588488F2C2DE05D007EEE7D;
					};
					658848AA2C2DE05F007EEE7D = {
						CreatedOnToolsVersion = 15.4;
						TestTargetID = 6588488F2C2DE05D007EEE7D;
					};
				};
			};
			buildConfigurationList = 6588488B2C2DE05D007EEE7D /* Build configuration list for PBXProject "Acrnm" */;
			compatibilityVersion = "Xcode 14.0";
			developmentRegion = en;
			hasScannedForEncodings = 0;
			knownRegions = (
				en,
				Base,
			);
			mainGroup = 658848872C2DE05D007EEE7D;
			productRefGroup = 658848912C2DE05D007EEE7D /* Products */;
			projectDirPath = "";
			projectRoot = "";
			targets = (
				6588488F2C2DE05D007EEE7D /* Acrnm */,
				658848A02C2DE05F007EEE7D /* AcrnmTests */,
				658848AA2C2DE05F007EEE7D /* AcrnmUITests */,
			);
		};
/* End PBXProject section */

/* Begin PBXResourcesBuildPhase section */
		6588488E2C2DE05D007EEE7D /* Resources */ = {
			isa = PBXResourcesBuildPhase;
			buildActionMask = 2147483647;
			files = (
				6588489C2C2DE05F007EEE7D /* Preview Assets.xcassets in Resources */,
				658848982C2DE05F007EEE7D /* Assets.xcassets in Resources */,
			);
			runOnlyForDeploymentPostprocessing = 0;
		};
		6588489F2C2DE05F007EEE7D /* Resources */ = {
			isa = PBXResourcesBuildPhase;
			buildActionMask = 2147483647;
			files = (
			);
			runOnlyForDeploymentPostprocessing = 0;
		};
		658848A92C2DE05F007EEE7D /* Resources */ = {
			isa = PBXResourcesBuildPhase;
			buildActionMask = 2147483647;
			files = (
			);
			runOnlyForDeploymentPostprocessing = 0;
		};
/* End PBXResourcesBuildPhase section */

/* Begin PBXSourcesBuildPhase section */
		6588488C2C2DE05D007EEE7D /* Sources */ = {
			isa = PBXSourcesBuildPhase;
			buildActionMask = 2147483647;
			files = (
				658848962C2DE05D007EEE7D /* ContentView.swift in Sources */,
				658848942C2DE05D007EEE7D /* AcrnmApp.swift in Sources */,
			);
			runOnlyForDeploymentPostprocessing = 0;
		};
		6588489D2C2DE05F007EEE7D /* Sources */ = {
			isa = PBXSourcesBuildPhase;
			buildActionMask = 2147483647;
			files = (
				658848A62C2DE05F007EEE7D /* AcrnmTests.swift in Sources */,
			);
			runOnlyForDeploymentPostprocessing = 0;
		};
		658848A72C2DE05F007EEE7D /* Sources */ = {
			isa = PBXSourcesBuildPhase;
			buildActionMask = 2147483647;
			files = (
				658848B22C2DE05F007EEE7D /* AcrnmUITestsLaunchTests.swift in Sources */,
				658848B02C2DE05F007EEE7D /* AcrnmUITests.swift in Sources */,
			);
			runOnlyForDeploymentPostprocessing = 0;
		};
/* End PBXSourcesBuildPhase section */

/* Begin PBXTargetDependency section */
		658848A32C2DE05F007EEE7D /* PBXTargetDependency */ = {
			isa = PBXTargetDependency;
			target = 6588488F2C2DE05D007EEE7D /* Acrnm */;
			targetProxy = 658848A22C2DE05F007EEE7D /* PBXContainerItemProxy */;
		};
		658848AD2C2DE05F007EEE7D /* PBXTargetDependency */ = {
			isa = PBXTargetDependency;
			target = 6588488F2C2DE05D007EEE7D /* Acrnm */;
			targetProxy = 658848AC2C2DE05F007EEE7D /* PBXContainerItemProxy */;
		};
/* End PBXTargetDependency section */

/* Begin XCBuildConfiguration section */
		658848B32C2DE05F007EEE7D /* Debug */ = {
			isa = XCBuildConfiguration;
			buildSettings = {
				ALWAYS_SEARCH_USER_PATHS = NO;
				ASSETCATALOG_COMPILER_GENERATE_SWIFT_ASSET_SYMBOL_EXTENSIONS = YES;
				CLANG_ANALYZER_NONNULL = YES;
				CLANG_ANALYZER_NUMBER_OBJECT_CONVERSION = YES_AGGRESSIVE;
				CLANG_CXX_LANGUAGE_STANDARD = "gnu++20";
				CLANG_ENABLE_MODULES = YES;
				CLANG_ENABLE_OBJC_ARC = YES;
				CLANG_ENABLE_OBJC_WEAK = YES;
				CLANG_WARN_BLOCK_CAPTURE_AUTORELEASING = YES;
				CLANG_WARN_BOOL_CONVERSION = YES;
				CLANG_WARN_COMMA = YES;
				CLANG_WARN_CONSTANT_CONVERSION = YES;
				CLANG_WARN_DEPRECATED_OBJC_IMPLEMENTATIONS = YES;
				CLANG_WARN_DIRECT_OBJC_ISA_USAGE = YES_ERROR;
				CLANG_WARN_DOCUMENTATION_COMMENTS = YES;
				CLANG_WARN_EMPTY_BODY = YES;
				CLANG_WARN_ENUM_CONVERSION = YES;
				CLANG_WARN_INFINITE_RECURSION = YES;
				CLANG_WARN_INT_CONVERSION = YES;
				CLANG_WARN_NON_LITERAL_NULL_CONVERSION = YES;
				CLANG_WARN_OBJC_IMPLICIT_RETAIN_SELF = YES;
				CLANG_WARN_OBJC_LITERAL_CONVERSION = YES;
				CLANG_WARN_OBJC_ROOT_CLASS = YES_ERROR;
				CLANG_WARN_QUOTED_INCLUDE_IN_FRAMEWORK_HEADER = YES;
				CLANG_WARN_RANGE_LOOP_ANALYSIS = YES;
				CLANG_WARN_STRICT_PROTOTYPES = YES;
				CLANG_WARN_SUSPICIOUS_MOVE = YES;
				CLANG_WARN_UNGUARDED_AVAILABILITY = YES_AGGRESSIVE;
				CLANG_WARN_UNREACHABLE_CODE = YES;
				CLANG_WARN__DUPLICATE_METHOD_MATCH = YES;
				COPY_PHASE_STRIP = NO;
				DEBUG_INFORMATION_FORMAT = dwarf;
				ENABLE_STRICT_OBJC_MSGSEND = YES;
				ENABLE_TESTABILITY = YES;
				ENABLE_USER_SCRIPT_SANDBOXING = YES;
				GCC_C_LANGUAGE_STANDARD = gnu17;
				GCC_DYNAMIC_NO_PIC = NO;
				GCC_NO_COMMON_BLOCKS = YES;
				GCC_OPTIMIZATION_LEVEL = 0;
				GCC_PREPROCESSOR_DEFINITIONS = (
					"DEBUG=1",
					"$(inherited)",
				);
				GCC_WARN_64_TO_32_BIT_CONVERSION = YES;
				GCC_WARN_ABOUT_RETURN_TYPE = YES_ERROR;
				GCC_WARN_UNDECLARED_SELECTOR = YES;
				GCC_WARN_UNINITIALIZED_AUTOS = YES_AGGRESSIVE;
				GCC_WARN_UNUSED_FUNCTION = YES;
				GCC_WARN_UNUSED_VARIABLE = YES;
				LOCALIZATION_PREFERS_STRING_CATALOGS = YES;
				MTL_ENABLE_DEBUG_INFO = INCLUDE_SOURCE;
				MTL_FAST_MATH = YES;
				ONLY_ACTIVE_ARCH = YES;
				SWIFT_ACTIVE_COMPILATION_CONDITIONS = "DEBUG $(inherited)";
				SWIFT_OPTIMIZATION_LEVEL = "-Onone";
			};
			name = Debug;
		};
		658848B42C2DE05F007EEE7D /* Release */ = {
			isa = XCBuildConfiguration;
			buildSettings = {
				ALWAYS_SEARCH_USER_PATHS = NO;
				ASSETCATALOG_COMPILER_GENERATE_SWIFT_ASSET_SYMBOL_EXTENSIONS = YES;
				CLANG_ANALYZER_NONNULL = YES;
				CLANG_ANALYZER_NUMBER_OBJECT_CONVERSION = YES_AGGRESSIVE;
				CLANG_CXX_LANGUAGE_STANDARD = "gnu++20";
				CLANG_ENABLE_MODULES = YES;
				CLANG_ENABLE_OBJC_ARC = YES;
				CLANG_ENABLE_OBJC_WEAK = YES;
				CLANG_WARN_BLOCK_CAPTURE_AUTORELEASING = YES;
				CLANG_WARN_BOOL_CONVERSION = YES;
				CLANG_WARN_COMMA = YES;
				CLANG_WARN_CONSTANT_CONVERSION = YES;
				CLANG_WARN_DEPRECATED_OBJC_IMPLEMENTATIONS = YES;
				CLANG_WARN_DIRECT_OBJC_ISA_USAGE = YES_ERROR;
				CLANG_WARN_DOCUMENTATION_COMMENTS = YES;
				CLANG_WARN_EMPTY_BODY = YES;
				CLANG_WARN_ENUM_CONVERSION = YES;
				CLANG_WARN_INFINITE_RECURSION = YES;
				CLANG_WARN_INT_CONVERSION = YES;
				CLANG_WARN_NON_LITERAL_NULL_CONVERSION = YES;
				CLANG_WARN_OBJC_IMPLICIT_RETAIN_SELF = YES;
				CLANG_WARN_OBJC_LITERAL_CONVERSION = YES;
				CLANG_WARN_OBJC_ROOT_CLASS = YES_ERROR;
				CLANG_WARN_QUOTED_INCLUDE_IN_FRAMEWORK_HEADER = YES;
				CLANG_WARN_RANGE_LOOP_ANALYSIS = YES;
				CLANG_WARN_STRICT_PROTOTYPES = YES;
				CLANG_WARN_SUSPICIOUS_MOVE = YES;
				CLANG_WARN_UNGUARDED_AVAILABILITY = YES_AGGRESSIVE;
				CLANG_WARN_UNREACHABLE_CODE = YES;
				CLANG_WARN__DUPLICATE_METHOD_MATCH = YES;
				COPY_PHASE_STRIP = NO;
				DEBUG_INFORMATION_FORMAT = "dwarf-with-dsym";
				ENABLE_NS_ASSERTIONS = NO;
				ENABLE_STRICT_OBJC_MSGSEND = YES;
				ENABLE_USER_SCRIPT_SANDBOXING = YES;
				GCC_C_LANGUAGE_STANDARD = gnu17;
				GCC_NO_COMMON_BLOCKS = YES;
				GCC_WARN_64_TO_32_BIT_CONVERSION = YES;
				GCC_WARN_ABOUT_RETURN_TYPE = YES_ERROR;
				GCC_WARN_UNDECLARED_SELECTOR = YES;
				GCC_WARN_UNINITIALIZED_AUTOS = YES_AGGRESSIVE;
				GCC_WARN_UNUSED_FUNCTION = YES;
				GCC_WARN_UNUSED_VARIABLE = YES;
				LOCALIZATION_PREFERS_STRING_CATALOGS = YES;
				MTL_ENABLE_DEBUG_INFO = NO;
				MTL_FAST_MATH = YES;
				SWIFT_COMPILATION_MODE = wholemodule;
			};
			name = Release;
		};
		658848B62C2DE05F007EEE7D /* Debug */ = {
			isa = XCBuildConfiguration;
			buildSettings = {
				ASSETCATALOG_COMPILER_APPICON_NAME = AppIcon;
				ASSETCATALOG_COMPILER_GLOBAL_ACCENT_COLOR_NAME = AccentColor;
				CODE_SIGN_ENTITLEMENTS = Acrnm/Acrnm.entitlements;
				CODE_SIGN_STYLE = Automatic;
				CURRENT_PROJECT_VERSION = 1;
				DEVELOPMENT_ASSET_PATHS = "\"Acrnm/Preview Content\"";
				DEVELOPMENT_TEAM = 5STZPDU4R5;
				ENABLE_HARDENED_RUNTIME = YES;
				ENABLE_PREVIEWS = YES;
				GENERATE_INFOPLIST_FILE = YES;
				"INFOPLIST_KEY_UIApplicationSceneManifest_Generation[sdk=iphoneos*]" = YES;
				"INFOPLIST_KEY_UIApplicationSceneManifest_Generation[sdk=iphonesimulator*]" = YES;
				"INFOPLIST_KEY_UIApplicationSupportsIndirectInputEvents[sdk=iphoneos*]" = YES;
				"INFOPLIST_KEY_UIApplicationSupportsIndirectInputEvents[sdk=iphonesimulator*]" = YES;
				"INFOPLIST_KEY_UILaunchScreen_Generation[sdk=iphoneos*]" = YES;
				"INFOPLIST_KEY_UILaunchScreen_Generation[sdk=iphonesimulator*]" = YES;
				"INFOPLIST_KEY_UIStatusBarStyle[sdk=iphoneos*]" = UIStatusBarStyleDefault;
				"INFOPLIST_KEY_UIStatusBarStyle[sdk=iphonesimulator*]" = UIStatusBarStyleDefault;
				INFOPLIST_KEY_UISupportedInterfaceOrientations_iPad = "UIInterfaceOrientationPortrait UIInterfaceOrientationPortraitUpsideDown UIInterfaceOrientationLandscapeLeft UIInterfaceOrientationLandscapeRight";
				INFOPLIST_KEY_UISupportedInterfaceOrientations_iPhone = "UIInterfaceOrientationPortrait UIInterfaceOrientationLandscapeLeft UIInterfaceOrientationLandscapeRight";
				IPHONEOS_DEPLOYMENT_TARGET = 17.5;
				LD_RUNPATH_SEARCH_PATHS = "@executable_path/Frameworks";
				"LD_RUNPATH_SEARCH_PATHS[sdk=macosx*]" = "@executable_path/../Frameworks";
				MACOSX_DEPLOYMENT_TARGET = 14.4;
				MARKETING_VERSION = 1.0;
				PRODUCT_BUNDLE_IDENTIFIER = "acrnm-demo.Acrnm";
				PRODUCT_NAME = "$(TARGET_NAME)";
				SDKROOT = auto;
				SUPPORTED_PLATFORMS = "iphoneos iphonesimulator macosx";
				SWIFT_EMIT_LOC_STRINGS = YES;
				SWIFT_VERSION = 5.0;
				TARGETED_DEVICE_FAMILY = "1,2";
			};
			name = Debug;
		};
		658848B72C2DE05F007EEE7D /* Release */ = {
			isa = XCBuildConfiguration;
			buildSettings = {
				ASSETCATALOG_COMPILER_APPICON_NAME = AppIcon;
				ASSETCATALOG_COMPILER_GLOBAL_ACCENT_COLOR_NAME = AccentColor;
				CODE_SIGN_ENTITLEMENTS = Acrnm/Acrnm.entitlements;
				CODE_SIGN_STYLE = Automatic;
				CURRENT_PROJECT_VERSION = 1;
				DEVELOPMENT_ASSET_PATHS = "\"Acrnm/Preview Content\"";
				DEVELOPMENT_TEAM = 5STZPDU4R5;
				ENABLE_HARDENED_RUNTIME = YES;
				ENABLE_PREVIEWS = YES;
				GENERATE_INFOPLIST_FILE = YES;
				"INFOPLIST_KEY_UIApplicationSceneManifest_Generation[sdk=iphoneos*]" = YES;
				"INFOPLIST_KEY_UIApplicationSceneManifest_Generation[sdk=iphonesimulator*]" = YES;
				"INFOPLIST_KEY_UIApplicationSupportsIndirectInputEvents[sdk=iphoneos*]" = YES;
				"INFOPLIST_KEY_UIApplicationSupportsIndirectInputEvents[sdk=iphonesimulator*]" = YES;
				"INFOPLIST_KEY_UILaunchScreen_Generation[sdk=iphoneos*]" = YES;
				"INFOPLIST_KEY_UILaunchScreen_Generation[sdk=iphonesimulator*]" = YES;
				"INFOPLIST_KEY_UIStatusBarStyle[sdk=iphoneos*]" = UIStatusBarStyleDefault;
				"INFOPLIST_KEY_UIStatusBarStyle[sdk=iphonesimulator*]" = UIStatusBarStyleDefault;
				INFOPLIST_KEY_UISupportedInterfaceOrientations_iPad = "UIInterfaceOrientationPortrait UIInterfaceOrientationPortraitUpsideDown UIInterfaceOrientationLandscapeLeft UIInterfaceOrientationLandscapeRight";
				INFOPLIST_KEY_UISupportedInterfaceOrientations_iPhone = "UIInterfaceOrientationPortrait UIInterfaceOrientationLandscapeLeft UIInterfaceOrientationLandscapeRight";
				IPHONEOS_DEPLOYMENT_TARGET = 17.5;
				LD_RUNPATH_SEARCH_PATHS = "@executable_path/Frameworks";
				"LD_RUNPATH_SEARCH_PATHS[sdk=macosx*]" = "@executable_path/../Frameworks";
				MACOSX_DEPLOYMENT_TARGET = 14.4;
				MARKETING_VERSION = 1.0;
				PRODUCT_BUNDLE_IDENTIFIER = "acrnm-demo.Acrnm";
				PRODUCT_NAME = "$(TARGET_NAME)";
				SDKROOT = auto;
				SUPPORTED_PLATFORMS = "iphoneos iphonesimulator macosx";
				SWIFT_EMIT_LOC_STRINGS = YES;
				SWIFT_VERSION = 5.0;
				TARGETED_DEVICE_FAMILY = "1,2";
			};
			name = Release;
		};
		658848B92C2DE05F007EEE7D /* Debug */ = {
			isa = XCBuildConfiguration;
			buildSettings = {
				ALWAYS_EMBED_SWIFT_STANDARD_LIBRARIES = YES;
				BUNDLE_LOADER = "$(TEST_HOST)";
				CODE_SIGN_STYLE = Automatic;
				CURRENT_PROJECT_VERSION = 1;
				DEVELOPMENT_TEAM = 5STZPDU4R5;
				GENERATE_INFOPLIST_FILE = YES;
				IPHONEOS_DEPLOYMENT_TARGET = 17.5;
				MACOSX_DEPLOYMENT_TARGET = 14.4;
				MARKETING_VERSION = 1.0;
				PRODUCT_BUNDLE_IDENTIFIER = "acrnm-demo.AcrnmTests";
				PRODUCT_NAME = "$(TARGET_NAME)";
				SDKROOT = auto;
				SUPPORTED_PLATFORMS = "iphoneos iphonesimulator macosx";
				SWIFT_EMIT_LOC_STRINGS = NO;
				SWIFT_VERSION = 5.0;
				TARGETED_DEVICE_FAMILY = "1,2";
				TEST_HOST = "$(BUILT_PRODUCTS_DIR)/Acrnm.app/$(BUNDLE_EXECUTABLE_FOLDER_PATH)/Acrnm";
			};
			name = Debug;
		};
		658848BA2C2DE05F007EEE7D /* Release */ = {
			isa = XCBuildConfiguration;
			buildSettings = {
				ALWAYS_EMBED_SWIFT_STANDARD_LIBRARIES = YES;
				BUNDLE_LOADER = "$(TEST_HOST)";
				CODE_SIGN_STYLE = Automatic;
				CURRENT_PROJECT_VERSION = 1;
				DEVELOPMENT_TEAM = 5STZPDU4R5;
				GENERATE_INFOPLIST_FILE = YES;
				IPHONEOS_DEPLOYMENT_TARGET = 17.5;
				MACOSX_DEPLOYMENT_TARGET = 14.4;
				MARKETING_VERSION = 1.0;
				PRODUCT_BUNDLE_IDENTIFIER = "acrnm-demo.AcrnmTests";
				PRODUCT_NAME = "$(TARGET_NAME)";
				SDKROOT = auto;
				SUPPORTED_PLATFORMS = "iphoneos iphonesimulator macosx";
				SWIFT_EMIT_LOC_STRINGS = NO;
				SWIFT_VERSION = 5.0;
				TARGETED_DEVICE_FAMILY = "1,2";
				TEST_HOST = "$(BUILT_PRODUCTS_DIR)/Acrnm.app/$(BUNDLE_EXECUTABLE_FOLDER_PATH)/Acrnm";
			};
			name = Release;
		};
		658848BC2C2DE05F007EEE7D /* Debug */ = {
			isa = XCBuildConfiguration;
			buildSettings = {
				ALWAYS_EMBED_SWIFT_STANDARD_LIBRARIES = YES;
				CODE_SIGN_STYLE = Automatic;
				CURRENT_PROJECT_VERSION = 1;
				DEVELOPMENT_TEAM = 5STZPDU4R5;
				GENERATE_INFOPLIST_FILE = YES;
				IPHONEOS_DEPLOYMENT_TARGET = 17.5;
				MACOSX_DEPLOYMENT_TARGET = 14.4;
				MARKETING_VERSION = 1.0;
				PRODUCT_BUNDLE_IDENTIFIER = "acrnm-demo.AcrnmUITests";
				PRODUCT_NAME = "$(TARGET_NAME)";
				SDKROOT = auto;
				SUPPORTED_PLATFORMS = "iphoneos iphonesimulator macosx";
				SWIFT_EMIT_LOC_STRINGS = NO;
				SWIFT_VERSION = 5.0;
				TARGETED_DEVICE_FAMILY = "1,2";
				TEST_TARGET_NAME = Acrnm;
			};
			name = Debug;
		};
		658848BD2C2DE05F007EEE7D /* Release */ = {
			isa = XCBuildConfiguration;
			buildSettings = {
				ALWAYS_EMBED_SWIFT_STANDARD_LIBRARIES = YES;
				CODE_SIGN_STYLE = Automatic;
				CURRENT_PROJECT_VERSION = 1;
				DEVELOPMENT_TEAM = 5STZPDU4R5;
				GENERATE_INFOPLIST_FILE = YES;
				IPHONEOS_DEPLOYMENT_TARGET = 17.5;
				MACOSX_DEPLOYMENT_TARGET = 14.4;
				MARKETING_VERSION = 1.0;
				PRODUCT_BUNDLE_IDENTIFIER = "acrnm-demo.AcrnmUITests";
				PRODUCT_NAME = "$(TARGET_NAME)";
				SDKROOT = auto;
				SUPPORTED_PLATFORMS = "iphoneos iphonesimulator macosx";
				SWIFT_EMIT_LOC_STRINGS = NO;
				SWIFT_VERSION = 5.0;
				TARGETED_DEVICE_FAMILY = "1,2";
				TEST_TARGET_NAME = Acrnm;
			};
			name = Release;
		};
/* End XCBuildConfiguration section */

/* Begin XCConfigurationList section */
		6588488B2C2DE05D007EEE7D /* Build configuration list for PBXProject "Acrnm" */ = {
			isa = XCConfigurationList;
			buildConfigurations = (
				658848B32C2DE05F007EEE7D /* Debug */,
				658848B42C2DE05F007EEE7D /* Release */,
			);
			defaultConfigurationIsVisible = 0;
			defaultConfigurationName = Release;
		};
		658848B52C2DE05F007EEE7D /* Build configuration list for PBXNativeTarget "Acrnm" */ = {
			isa = XCConfigurationList;
			buildConfigurations = (
				658848B62C2DE05F007EEE7D /* Debug */,
				658848B72C2DE05F007EEE7D /* Release */,
			);
			defaultConfigurationIsVisible = 0;
			defaultConfigurationName = Release;
		};
		658848B82C2DE05F007EEE7D /* Build configuration list for PBXNativeTarget "AcrnmTests" */ = {
			isa = XCConfigurationList;
			buildConfigurations = (
				658848B92C2DE05F007EEE7D /* Debug */,
				658848BA2C2DE05F007EEE7D /* Release */,
			);
			defaultConfigurationIsVisible = 0;
			defaultConfigurationName = Release;
		};
		658848BB2C2DE05F007EEE7D /* Build configuration list for PBXNativeTarget "AcrnmUITests" */ = {
			isa = XCConfigurationList;
			buildConfigurations = (
				658848BC2C2DE05F007EEE7D /* Debug */,
				658848BD2C2DE05F007EEE7D /* Release */,
			);
			defaultConfigurationIsVisible = 0;
			defaultConfigurationName = Release;
		};
/* End XCConfigurationList section */
	};
	rootObject = 658848882C2DE05D007EEE7D /* Project object */;
}
