{
  "originHash" : "51a84ab999feeb68fed9e3dddf8597f098f33961e88c033754fe3736a1cf2314",
  "pins" : [
    {
      "identity" : "iqkeyboardmanager",
      "kind" : "remoteSourceControl",
      "location" : "https://github.com/hackiftekhar/IQKeyboardManager.git",
      "state" : {
        "revision" : "19e111f9246b3407fe0c334dc78fa890c40d8c67",
        "version" : "7.0.3"
      }
    },
    {
      "identity" : "keychainaccess",
      "kind" : "remoteSourceControl",
      "location" : "https://github.com/kishikawakatsumi/KeychainAccess.git",
      "state" : {
        "revision" : "84e546727d66f1adc5439debad16270d0fdd04e7",
        "version" : "4.2.2"
      }
    },
    {
      "identity" : "nerdzevents",
      "kind" : "remoteSourceControl",
      "location" : "https://github.com/nerdzlab/NerdzEvents.git",
      "state" : {
        "revision" : "cf70b43dcbee9db59323df0fda71c90320d25dcb",
        "version" : "1.0.11"
      }
    },
    {
      "identity" : "nerdzinject",
      "kind" : "remoteSourceControl",
      "location" : "https://github.com/nerdzlab/NerdzInject.git",
      "state" : {
        "revision" : "2f20b94dd97cc115a39bf7c4ce6e49dbb848d03b",
        "version" : "1.1.3"
      }
    },
    {
      "identity" : "nerdznetworking",
      "kind" : "remoteSourceControl",
      "location" : "https://github.com/nerdzlab/NerdzNetworking.git",
      "state" : {
        "revision" : "2e54650dc3b71be7d9464bc1e4be38eeadb580b8",
        "version" : "2.0.2"
      }
    },
    {
      "identity" : "nerdzutils",
      "kind" : "remoteSourceControl",
      "location" : "https://github.com/nerdzlab/NerdzUtils.git",
      "state" : {
        "branch" : "master",
        "revision" : "0b8418489c06e810c2867c12f84f61534c6b997d"
      }
    },
    {
      "identity" : "nsidemenu",
      "kind" : "remoteSourceControl",
      "location" : "https://github.com/itisnajim/NSideMenu.git",
      "state" : {
        "revision" : "a90f35d92d87ab0cc3466625cf235525aa832c51",
        "version" : "1.0.1"
      }
    },
    {
      "identity" : "nuke",
      "kind" : "remoteSourceControl",
      "location" : "https://github.com/kean/Nuke.git",
      "state" : {
        "revision" : "311016d972aa751ae8ab0cd5897422ebe7db0501",
        "version" : "12.7.3"
      }
    },
    {
      "identity" : "routing",
      "kind" : "remoteSourceControl",
      "location" : "https://github.com/JamesSedlacek/Routing.git",
      "state" : {
        "branch" : "main",
        "revision" : "84e3729c7771ba631cd4966cab3fd88054fc5f53"
      }
    },
    {
      "identity" : "trustkit",
      "kind" : "remoteSourceControl",
      "location" : "https://github.com/datatheorem/TrustKit.git",
      "state" : {
        "revision" : "2fb6ce731fd51f745f6cc3393462865b95c3df3c",
        "version" : "3.0.4"
      }
    },
    {
      "identity" : "url-image",
      "kind" : "remoteSourceControl",
      "location" : "https://github.com/dmytro-anokhin/url-image",
      "state" : {
        "revision" : "4042f955f1fdff00ced85545e1eecdbf969b5cd0",
        "version" : "3.1.1"
      }
    }
  ],
  "version" : 3
}
